
Microsoft Visual Studio Solution File, Format Version 12.00
# Visual Studio 14
VisualStudioVersion = 14.0.25420.1
MinimumVisualStudioVersion = 10.0.40219.1
Project("{FAE04EC0-301F-11D3-BF4B-00C04F79EFBC}") = "MonitorShared", "..\..\MonitorShared\MonitorShared.csproj", "{25526D87-EF13-4F4D-8391-572481DF2D1B}"
EndProject
Project("{FAE04EC0-301F-11D3-BF4B-00C04F79EFBC}") = "ConClientPipe", "..\..\Pipe\ConClientPipe\ConClientPipe.csproj", "{680D147B-6171-4D51-AEFA-F1F5676B1790}"
EndProject
Project("{FAE04EC0-301F-11D3-BF4B-00C04F79EFBC}") = "ConServerPipe", "..\..\Pipe\ConServerPipe\ConServerPipe.csproj", "{A6131A14-8AED-4A51-AD4A-6D21C6FA7B7E}"
EndProject
Project("{FAE04EC0-301F-11D3-BF4B-00C04F79EFBC}") = "WinClientPipe", "..\..\Pipe\WinClientPipe\WinClientPipe.csproj", "{10EFBDE1-4F3C-40E2-BEB8-B563601B8471}"
EndProject
Global
	GlobalSection(SolutionConfigurationPlatforms) = preSolution
		Debug|Any CPU = Debug|Any CPU
		Release|Any CPU = Release|Any CPU
		Test|Any CPU = Test|Any CPU
	EndGlobalSection
	GlobalSection(ProjectConfigurationPlatforms) = postSolution
		{25526D87-EF13-4F4D-8391-572481DF2D1B}.Debug|Any CPU.ActiveCfg = Debug|Any CPU
		{25526D87-EF13-4F4D-8391-572481DF2D1B}.Debug|Any CPU.Build.0 = Debug|Any CPU
		{25526D87-EF13-4F4D-8391-572481DF2D1B}.Release|Any CPU.ActiveCfg = Release|Any CPU
		{25526D87-EF13-4F4D-8391-572481DF2D1B}.Release|Any CPU.Build.0 = Release|Any CPU
		{25526D87-EF13-4F4D-8391-572481DF2D1B}.Test|Any CPU.ActiveCfg = Release|Any CPU
		{25526D87-EF13-4F4D-8391-572481DF2D1B}.Test|Any CPU.Build.0 = Release|Any CPU
		{680D147B-6171-4D51-AEFA-F1F5676B1790}.Debug|Any CPU.ActiveCfg = Debug|Any CPU
		{680D147B-6171-4D51-AEFA-F1F5676B1790}.Debug|Any CPU.Build.0 = Debug|Any CPU
		{680D147B-6171-4D51-AEFA-F1F5676B1790}.Release|Any CPU.ActiveCfg = Release|Any CPU
		{680D147B-6171-4D51-AEFA-F1F5676B1790}.Release|Any CPU.Build.0 = Release|Any CPU
		{680D147B-6171-4D51-AEFA-F1F5676B1790}.Test|Any CPU.ActiveCfg = Release|Any CPU
		{680D147B-6171-4D51-AEFA-F1F5676B1790}.Test|Any CPU.Build.0 = Release|Any CPU
		{A6131A14-8AED-4A51-AD4A-6D21C6FA7B7E}.Debug|Any CPU.ActiveCfg = Debug|Any CPU
		{A6131A14-8AED-4A51-AD4A-6D21C6FA7B7E}.Debug|Any CPU.Build.0 = Debug|Any CPU
		{A6131A14-8AED-4A51-AD4A-6D21C6FA7B7E}.Release|Any CPU.ActiveCfg = Release|Any CPU
		{A6131A14-8AED-4A51-AD4A-6D21C6FA7B7E}.Release|Any CPU.Build.0 = Release|Any CPU
		{A6131A14-8AED-4A51-AD4A-6D21C6FA7B7E}.Test|Any CPU.ActiveCfg = Release|Any CPU
		{A6131A14-8AED-4A51-AD4A-6D21C6FA7B7E}.Test|Any CPU.Build.0 = Release|Any CPU
		{10EFBDE1-4F3C-40E2-BEB8-B563601B8471}.Debug|Any CPU.ActiveCfg = Debug|Any CPU
		{10EFBDE1-4F3C-40E2-BEB8-B563601B8471}.Debug|Any CPU.Build.0 = Debug|Any CPU
		{10EFBDE1-4F3C-40E2-BEB8-B563601B8471}.Release|Any CPU.ActiveCfg = Release|Any CPU
		{10EFBDE1-4F3C-40E2-BEB8-B563601B8471}.Release|Any CPU.Build.0 = Release|Any CPU
		{10EFBDE1-4F3C-40E2-BEB8-B563601B8471}.Test|Any CPU.ActiveCfg = Release|Any CPU
		{10EFBDE1-4F3C-40E2-BEB8-B563601B8471}.Test|Any CPU.Build.0 = Release|Any CPU
	EndGlobalSection
	GlobalSection(SolutionProperties) = preSolution
		HideSolutionNode = FALSE
	EndGlobalSection
EndGlobal
